{
    "name": "server",
    "version": "0.0.0",
    "lockfileVersion": 1,
    "requires": true,
    "dependencies": {
        "accepts": {
            "version": "1.2.13",
            "resolved": "https://registry.npmjs.org/accepts/-/accepts-1.2.13.tgz",
            "integrity": "sha1-5fHzkoxtlf2WVYw27D2dDeSm7Oo=",
            "requires": {
                "mime-types": "2.1.18",
                "negotiator": "0.5.3"
            }
        },
        "acorn": {
            "version": "2.7.0",
            "resolved": "https://registry.npmjs.org/acorn/-/acorn-2.7.0.tgz",
            "integrity": "sha1-q259nYhqrKiwhbwzEreaGYQz8Oc="
        },
        "acorn-globals": {
            "version": "1.0.9",
            "resolved": "https://registry.npmjs.org/acorn-globals/-/acorn-globals-1.0.9.tgz",
            "integrity": "sha1-VbtemGkVB7dFedBRNBMhfDgMVM8=",
            "requires": {
                "acorn": "2.7.0"
            }
        },
        "ajv": {
            "version": "5.5.2",
            "resolved": "https://registry.npmjs.org/ajv/-/ajv-5.5.2.tgz",
            "integrity": "sha1-c7Xuyj+rZT49P5Qis0GtQiBdyWU=",
            "requires": {
                "co": "4.6.0",
                "fast-deep-equal": "1.1.0",
                "fast-json-stable-stringify": "2.0.0",
                "json-schema-traverse": "0.3.1"
            }
        },
        "align-text": {
            "version": "0.1.4",
            "resolved": "https://registry.npmjs.org/align-text/-/align-text-0.1.4.tgz",
            "integrity": "sha1-DNkKVhCT810KmSVsIrcGlDP60Rc=",
            "requires": {
                "kind-of": "3.2.2",
                "longest": "1.0.1",
                "repeat-string": "1.6.1"
            }
        },
        "amdefine": {
            "version": "1.0.1",
            "resolved": "https://registry.npmjs.org/amdefine/-/amdefine-1.0.1.tgz",
            "integrity": "sha1-SlKCrBZHKek2Gbz9OtFR+BfOkfU="
        },
        "array-flatten": {
            "version": "1.1.1",
            "resolved": "https://registry.npmjs.org/array-flatten/-/array-flatten-1.1.1.tgz",
            "integrity": "sha1-ml9pkFGx5wczKPKgCJaLZOopVdI="
        },
        "asap": {
            "version": "1.0.0",
            "resolved": "https://registry.npmjs.org/asap/-/asap-1.0.0.tgz",
            "integrity": "sha1-sqRdpf36ILBJb8N2jMJ8EvqRan0="
        },
        "asn1": {
            "version": "0.2.3",
            "resolved": "https://registry.npmjs.org/asn1/-/asn1-0.2.3.tgz",
            "integrity": "sha1-2sh4dxPJlmhJ/IGAd36+nB3fO4Y="
        },
        "assert-plus": {
            "version": "1.0.0",
            "resolved": "https://registry.npmjs.org/assert-plus/-/assert-plus-1.0.0.tgz",
            "integrity": "sha1-8S4PPF13sLHN2RRpQuTpbB5N1SU="
        },
        "asynckit": {
            "version": "0.4.0",
            "resolved": "https://registry.npmjs.org/asynckit/-/asynckit-0.4.0.tgz",
            "integrity": "sha1-x57Zf380y48robyXkLzDZkdLS3k="
        },
        "aws-sign2": {
            "version": "0.7.0",
            "resolved": "https://registry.npmjs.org/aws-sign2/-/aws-sign2-0.7.0.tgz",
            "integrity": "sha1-tG6JCTSpWR8tL2+G1+ap8bP+dqg="
        },
        "aws4": {
            "version": "1.6.0",
            "resolved": "https://registry.npmjs.org/aws4/-/aws4-1.6.0.tgz",
            "integrity": "sha1-g+9cqGCysy5KDe7e6MdxudtXRx4="
        },
        "basic-auth": {
            "version": "1.0.4",
            "resolved": "https://registry.npmjs.org/basic-auth/-/basic-auth-1.0.4.tgz",
            "integrity": "sha1-Awk1sB3nyblKgksp8/zLdQ06UpA="
        },
        "bcrypt-pbkdf": {
            "version": "1.0.1",
            "resolved": "https://registry.npmjs.org/bcrypt-pbkdf/-/bcrypt-pbkdf-1.0.1.tgz",
            "integrity": "sha1-Y7xdy2EzG5K8Bf1SiVPDNGKgb40=",
            "optional": true,
            "requires": {
                "tweetnacl": "0.14.5"
            }
        },
        "bluebird": {
            "version": "3.5.1",
            "resolved": "https://registry.npmjs.org/bluebird/-/bluebird-3.5.1.tgz",
            "integrity": "sha512-MKiLiV+I1AA596t9w1sQJ8jkiSr5+ZKi0WKrYGUn6d1Fx+Ij4tIj+m2WMQSGczs5jZVxV339chE8iwk6F64wjA=="
        },
        "body-parser": {
            "version": "1.13.3",
            "resolved": "https://registry.npmjs.org/body-parser/-/body-parser-1.13.3.tgz",
            "integrity": "sha1-wIzzMMM1jhUQFqBXRvE/ApyX+pc=",
            "requires": {
                "bytes": "2.1.0",
                "content-type": "1.0.4",
                "debug": "2.2.0",
                "depd": "1.0.1",
                "http-errors": "1.3.1",
                "iconv-lite": "0.4.11",
                "on-finished": "2.3.0",
                "qs": "4.0.0",
                "raw-body": "2.1.7",
                "type-is": "1.6.16"
            }
        },
        "boom": {
            "version": "4.3.1",
            "resolved": "https://registry.npmjs.org/boom/-/boom-4.3.1.tgz",
            "integrity": "sha1-T4owBctKfjiJ90kDD9JbluAdLjE=",
            "requires": {
                "hoek": "4.2.1"
            }
        },
        "bytes": {
            "version": "2.1.0",
            "resolved": "https://registry.npmjs.org/bytes/-/bytes-2.1.0.tgz",
            "integrity": "sha1-rJPEEOL/ycx89LRks4KJBn9eR7Q="
        },
        "camelcase": {
            "version": "1.2.1",
            "resolved": "https://registry.npmjs.org/camelcase/-/camelcase-1.2.1.tgz",
            "integrity": "sha1-m7UwTS4LVmmLLHWLCKPqqdqlijk="
        },
        "caseless": {
            "version": "0.12.0",
            "resolved": "https://registry.npmjs.org/caseless/-/caseless-0.12.0.tgz",
            "integrity": "sha1-G2gcIf+EAzyCZUMJBolCDRhxUdw="
        },
        "center-align": {
            "version": "0.1.3",
            "resolved": "https://registry.npmjs.org/center-align/-/center-align-0.1.3.tgz",
            "integrity": "sha1-qg0yYptu6XIgBBHL1EYckHvCt60=",
            "requires": {
                "align-text": "0.1.4",
                "lazy-cache": "1.0.4"
            }
        },
        "character-parser": {
            "version": "1.2.1",
            "resolved": "https://registry.npmjs.org/character-parser/-/character-parser-1.2.1.tgz",
            "integrity": "sha1-wN3kqxgnE7kZuXCVmhI+zBow/NY="
        },
        "clean-css": {
            "version": "3.4.28",
            "resolved": "https://registry.npmjs.org/clean-css/-/clean-css-3.4.28.tgz",
            "integrity": "sha1-vxlF6C/ICPVWlebd6uwBQA79A/8=",
            "requires": {
                "commander": "2.8.1",
                "source-map": "0.4.4"
            },
            "dependencies": {
                "commander": {
                    "version": "2.8.1",
                    "resolved": "https://registry.npmjs.org/commander/-/commander-2.8.1.tgz",
                    "integrity": "sha1-Br42f+v9oMMwqh4qBy09yXYkJdQ=",
                    "requires": {
                        "graceful-readlink": "1.0.1"
                    }
                }
            }
        },
        "cliui": {
            "version": "2.1.0",
            "resolved": "https://registry.npmjs.org/cliui/-/cliui-2.1.0.tgz",
            "integrity": "sha1-S0dXYP+AJkx2LDoXGQMukcf+oNE=",
            "requires": {
                "center-align": "0.1.3",
                "right-align": "0.1.3",
                "wordwrap": "0.0.2"
            },
            "dependencies": {
                "wordwrap": {
                    "version": "0.0.2",
                    "resolved": "https://registry.npmjs.org/wordwrap/-/wordwrap-0.0.2.tgz",
                    "integrity": "sha1-t5Zpu0LstAn4PVg8rVLKF+qhZD8="
                }
            }
        },
        "co": {
            "version": "4.6.0",
            "resolved": "https://registry.npmjs.org/co/-/co-4.6.0.tgz",
            "integrity": "sha1-bqa989hTrlTMuOR7+gvz+QMfsYQ="
        },
        "combined-stream": {
            "version": "1.0.6",
            "resolved": "https://registry.npmjs.org/combined-stream/-/combined-stream-1.0.6.tgz",
            "integrity": "sha1-cj599ugBrFYTETp+RFqbactjKBg=",
            "requires": {
                "delayed-stream": "1.0.0"
            }
        },
        "commander": {
            "version": "2.6.0",
            "resolved": "https://registry.npmjs.org/commander/-/commander-2.6.0.tgz",
            "integrity": "sha1-nfflL7Kgyw+4kFjugMMQQiXzfh0="
        },
        "constantinople": {
            "version": "3.0.2",
            "resolved": "https://registry.npmjs.org/constantinople/-/constantinople-3.0.2.tgz",
            "integrity": "sha1-S5RdmTeQe82Y7ldRIsOBdRZUQUE=",
            "requires": {
                "acorn": "2.7.0"
            }
        },
        "content-disposition": {
            "version": "0.5.1",
            "resolved": "https://registry.npmjs.org/content-disposition/-/content-disposition-0.5.1.tgz",
            "integrity": "sha1-h0dsamfI2qh+Muh2Ft+IO6f7Bxs="
        },
        "content-type": {
            "version": "1.0.4",
            "resolved": "https://registry.npmjs.org/content-type/-/content-type-1.0.4.tgz",
            "integrity": "sha512-hIP3EEPs8tB9AT1L+NUqtwOAps4mk2Zob89MWXMHjHWg9milF/j4osnnQLXBCBFBk/tvIG/tUc9mOUJiPBhPXA=="
        },
        "cookie": {
            "version": "0.1.3",
            "resolved": "https://registry.npmjs.org/cookie/-/cookie-0.1.3.tgz",
            "integrity": "sha1-5zSlwUF/zkctWu+Cw4HKu2TRpDU="
        },
        "cookie-parser": {
            "version": "1.3.5",
            "resolved": "https://registry.npmjs.org/cookie-parser/-/cookie-parser-1.3.5.tgz",
            "integrity": "sha1-nXVVcPtdF4kHcSJ6AjFNm+fPg1Y=",
            "requires": {
                "cookie": "0.1.3",
                "cookie-signature": "1.0.6"
            }
        },
        "cookie-signature": {
            "version": "1.0.6",
            "resolved": "https://registry.npmjs.org/cookie-signature/-/cookie-signature-1.0.6.tgz",
            "integrity": "sha1-4wOogrNCzD7oylE6eZmXNNqzriw="
        },
        "core-util-is": {
            "version": "1.0.2",
            "resolved": "https://registry.npmjs.org/core-util-is/-/core-util-is-1.0.2.tgz",
            "integrity": "sha1-tf1UIgqivFq1eqtxQMlAdUUDwac="
        },
        "cryptiles": {
            "version": "3.1.2",
            "resolved": "https://registry.npmjs.org/cryptiles/-/cryptiles-3.1.2.tgz",
            "integrity": "sha1-qJ+7Ig9c4l7FboxKqKT9e1sNKf4=",
            "requires": {
                "boom": "5.2.0"
            },
            "dependencies": {
                "boom": {
                    "version": "5.2.0",
                    "resolved": "https://registry.npmjs.org/boom/-/boom-5.2.0.tgz",
                    "integrity": "sha512-Z5BTk6ZRe4tXXQlkqftmsAUANpXmuwlsF5Oov8ThoMbQRzdGTA1ngYRW160GexgOgjsFOKJz0LYhoNi+2AMBUw==",
                    "requires": {
                        "hoek": "4.2.1"
                    }
                }
            }
        },
        "css": {
            "version": "1.0.8",
            "resolved": "https://registry.npmjs.org/css/-/css-1.0.8.tgz",
            "integrity": "sha1-k4aBHKgrzMnuf7WnMrHioxfIo+c=",
            "requires": {
                "css-parse": "1.0.4",
                "css-stringify": "1.0.5"
            }
        },
        "css-parse": {
            "version": "1.0.4",
            "resolved": "https://registry.npmjs.org/css-parse/-/css-parse-1.0.4.tgz",
            "integrity": "sha1-OLBQP7+dqfVOnB29pg4UXHcRe90="
        },
        "css-stringify": {
            "version": "1.0.5",
            "resolved": "https://registry.npmjs.org/css-stringify/-/css-stringify-1.0.5.tgz",
            "integrity": "sha1-sNBClG2ylTu50pKQCmy19tASIDE="
        },
        "dashdash": {
            "version": "1.14.1",
            "resolved": "https://registry.npmjs.org/dashdash/-/dashdash-1.14.1.tgz",
            "integrity": "sha1-hTz6D3y+L+1d4gMmuN1YEDX24vA=",
            "requires": {
                "assert-plus": "1.0.0"
            }
        },
        "debug": {
            "version": "2.2.0",
            "resolved": "https://registry.npmjs.org/debug/-/debug-2.2.0.tgz",
            "integrity": "sha1-+HBX6ZWxofauaklgZkE3vFbwOdo=",
            "requires": {
                "ms": "0.7.1"
            }
        },
        "decamelize": {
            "version": "1.2.0",
            "resolved": "https://registry.npmjs.org/decamelize/-/decamelize-1.2.0.tgz",
            "integrity": "sha1-9lNNFRSCabIDUue+4m9QH5oZEpA="
        },
        "delayed-stream": {
            "version": "1.0.0",
            "resolved": "https://registry.npmjs.org/delayed-stream/-/delayed-stream-1.0.0.tgz",
            "integrity": "sha1-3zrhmayt+31ECqrgsp4icrJOxhk="
        },
        "depd": {
            "version": "1.0.1",
            "resolved": "https://registry.npmjs.org/depd/-/depd-1.0.1.tgz",
            "integrity": "sha1-gK7GTJ1tl+ZcwqnKqTwKpqv3Oqo="
        },
        "destroy": {
            "version": "1.0.4",
            "resolved": "https://registry.npmjs.org/destroy/-/destroy-1.0.4.tgz",
            "integrity": "sha1-l4hXRCxEdJ5CBmE+N5RiBYJqvYA="
        },
        "ecc-jsbn": {
            "version": "0.1.1",
            "resolved": "https://registry.npmjs.org/ecc-jsbn/-/ecc-jsbn-0.1.1.tgz",
            "integrity": "sha1-D8c6ntXw1Tw4GTOYUj735UN3dQU=",
            "optional": true,
            "requires": {
                "jsbn": "0.1.1"
            }
        },
        "ee-first": {
            "version": "1.1.1",
            "resolved": "https://registry.npmjs.org/ee-first/-/ee-first-1.1.1.tgz",
            "integrity": "sha1-WQxhFWsK4vTwJVcyoViyZrxWsh0="
        },
        "ejs": {
            "version": "2.5.7",
            "resolved": "http://registry.npm.taobao.org/ejs/download/ejs-2.5.7.tgz",
            "integrity": "sha1-zIcsFoiArjxxiXYv1f/ACJbJUYo="
        },
        "escape-html": {
            "version": "1.0.3",
            "resolved": "https://registry.npmjs.org/escape-html/-/escape-html-1.0.3.tgz",
            "integrity": "sha1-Aljq5NPQwJdN4cFpGI7wBR0dGYg="
        },
        "etag": {
            "version": "1.7.0",
            "resolved": "https://registry.npmjs.org/etag/-/etag-1.7.0.tgz",
            "integrity": "sha1-A9MLX2fdbmMtKUXTDWZScxo01dg="
        },
        "eventemitter3": {
            "version": "1.2.0",
            "resolved": "http://registry.npm.taobao.org/eventemitter3/download/eventemitter3-1.2.0.tgz",
            "integrity": "sha1-HIaZHYFq0eUEdQ5zh0Ik7PO+xQg="
        },
        "express": {
            "version": "4.13.4",
            "resolved": "https://registry.npmjs.org/express/-/express-4.13.4.tgz",
            "integrity": "sha1-PAt288d1kMg0VzkGHsC9O6Bn7CQ=",
            "requires": {
                "accepts": "1.2.13",
                "array-flatten": "1.1.1",
                "content-disposition": "0.5.1",
                "content-type": "1.0.4",
                "cookie": "0.1.5",
                "cookie-signature": "1.0.6",
                "debug": "2.2.0",
                "depd": "1.1.2",
                "escape-html": "1.0.3",
                "etag": "1.7.0",
                "finalhandler": "0.4.1",
                "fresh": "0.3.0",
                "merge-descriptors": "1.0.1",
                "methods": "1.1.2",
                "on-finished": "2.3.0",
                "parseurl": "1.3.2",
                "path-to-regexp": "0.1.7",
                "proxy-addr": "1.0.10",
                "qs": "4.0.0",
                "range-parser": "1.0.3",
                "send": "0.13.1",
                "serve-static": "1.10.3",
                "type-is": "1.6.16",
                "utils-merge": "1.0.0",
                "vary": "1.0.1"
            },
            "dependencies": {
                "cookie": {
                    "version": "0.1.5",
                    "resolved": "https://registry.npmjs.org/cookie/-/cookie-0.1.5.tgz",
                    "integrity": "sha1-armUiksa4hlSzSWIUwpHItQETXw="
                },
                "depd": {
                    "version": "1.1.2",
                    "resolved": "https://registry.npmjs.org/depd/-/depd-1.1.2.tgz",
                    "integrity": "sha1-m81S4UwJd2PnSbJ0xDRu0uVgtak="
                }
            }
        },
        "extend": {
            "version": "3.0.1",
            "resolved": "https://registry.npmjs.org/extend/-/extend-3.0.1.tgz",
            "integrity": "sha1-p1Xqe8Gt/MWjHOfnYtuq3F5jZEQ="
        },
        "extsprintf": {
            "version": "1.3.0",
            "resolved": "https://registry.npmjs.org/extsprintf/-/extsprintf-1.3.0.tgz",
            "integrity": "sha1-lpGEQOMEGnpBT4xS48V06zw+HgU="
        },
        "fast-deep-equal": {
            "version": "1.1.0",
            "resolved": "https://registry.npmjs.org/fast-deep-equal/-/fast-deep-equal-1.1.0.tgz",
            "integrity": "sha1-wFNHeBfIa1HaqFPIHgWbcz0CNhQ="
        },
        "fast-json-stable-stringify": {
            "version": "2.0.0",
            "resolved": "https://registry.npmjs.org/fast-json-stable-stringify/-/fast-json-stable-stringify-2.0.0.tgz",
            "integrity": "sha1-1RQsDK7msRifh9OnYREGT4bIu/I="
        },
        "finalhandler": {
            "version": "0.4.1",
            "resolved": "https://registry.npmjs.org/finalhandler/-/finalhandler-0.4.1.tgz",
            "integrity": "sha1-haF8bFmpRxfSYtYSMNSw6+PUoU0=",
            "requires": {
                "debug": "2.2.0",
                "escape-html": "1.0.3",
                "on-finished": "2.3.0",
                "unpipe": "1.0.0"
            }
        },
        "forever-agent": {
            "version": "0.6.1",
            "resolved": "https://registry.npmjs.org/forever-agent/-/forever-agent-0.6.1.tgz",
            "integrity": "sha1-+8cfDEGt6zf5bFd60e1C2P2sypE="
        },
        "form-data": {
            "version": "2.3.2",
            "resolved": "https://registry.npmjs.org/form-data/-/form-data-2.3.2.tgz",
            "integrity": "sha1-SXBJi+YEwgwAXU9cI67NIda0kJk=",
            "requires": {
                "asynckit": "0.4.0",
                "combined-stream": "1.0.6",
                "mime-types": "2.1.18"
            }
        },
        "forwarded": {
            "version": "0.1.2",
            "resolved": "https://registry.npmjs.org/forwarded/-/forwarded-0.1.2.tgz",
            "integrity": "sha1-mMI9qxF1ZXuMBXPozszZGw/xjIQ="
        },
        "fresh": {
            "version": "0.3.0",
            "resolved": "https://registry.npmjs.org/fresh/-/fresh-0.3.0.tgz",
            "integrity": "sha1-ZR+DjiJCTnVm3hYdg1jKoZn4PU8="
        },
        "getpass": {
            "version": "0.1.7",
            "resolved": "https://registry.npmjs.org/getpass/-/getpass-0.1.7.tgz",
            "integrity": "sha1-Xv+OPmhNVprkyysSgmBOi6YhSfo=",
            "requires": {
                "assert-plus": "1.0.0"
            }
        },
        "graceful-readlink": {
            "version": "1.0.1",
            "resolved": "https://registry.npmjs.org/graceful-readlink/-/graceful-readlink-1.0.1.tgz",
            "integrity": "sha1-TK+tdrxi8C+gObL5Tpo906ORpyU="
        },
        "har-schema": {
            "version": "2.0.0",
            "resolved": "https://registry.npmjs.org/har-schema/-/har-schema-2.0.0.tgz",
            "integrity": "sha1-qUwiJOvKwEeCoNkDVSHyRzW37JI="
        },
        "har-validator": {
            "version": "5.0.3",
            "resolved": "https://registry.npmjs.org/har-validator/-/har-validator-5.0.3.tgz",
            "integrity": "sha1-ukAsJmGU8VlW7xXg/PJCmT9qff0=",
            "requires": {
                "ajv": "5.5.2",
                "har-schema": "2.0.0"
            }
        },
        "hawk": {
            "version": "6.0.2",
            "resolved": "https://registry.npmjs.org/hawk/-/hawk-6.0.2.tgz",
            "integrity": "sha512-miowhl2+U7Qle4vdLqDdPt9m09K6yZhkLDTWGoUiUzrQCn+mHHSmfJgAyGaLRZbPmTqfFFjRV1QWCW0VWUJBbQ==",
            "requires": {
                "boom": "4.3.1",
                "cryptiles": "3.1.2",
                "hoek": "4.2.1",
                "sntp": "2.1.0"
            }
        },
        "hoek": {
            "version": "4.2.1",
            "resolved": "https://registry.npmjs.org/hoek/-/hoek-4.2.1.tgz",
            "integrity": "sha512-QLg82fGkfnJ/4iy1xZ81/9SIJiq1NGFUMGs6ParyjBZr6jW2Ufj/snDqTHixNlHdPNwN2RLVD0Pi3igeK9+JfA=="
        },
        "http-errors": {
            "version": "1.3.1",
            "resolved": "https://registry.npmjs.org/http-errors/-/http-errors-1.3.1.tgz",
            "integrity": "sha1-GX4izevUGYWF6GlO9nhhl7ke2UI=",
            "requires": {
                "inherits": "2.0.3",
                "statuses": "1.4.0"
            }
        },
        "http-proxy": {
            "version": "1.16.2",
            "resolved": "http://registry.npm.taobao.org/http-proxy/download/http-proxy-1.16.2.tgz",
            "integrity": "sha1-Bt/ykpUr9k2+hHH6nfcwZtTzd0I=",
            "requires": {
                "eventemitter3": "1.2.0",
                "requires-port": "1.0.0"
            }
        },
        "http-signature": {
            "version": "1.2.0",
            "resolved": "https://registry.npmjs.org/http-signature/-/http-signature-1.2.0.tgz",
            "integrity": "sha1-muzZJRFHcvPZW2WmCruPfBj7rOE=",
            "requires": {
                "assert-plus": "1.0.0",
                "jsprim": "1.4.1",
                "sshpk": "1.14.1"
            }
        },
        "iconv-lite": {
            "version": "0.4.11",
            "resolved": "https://registry.npmjs.org/iconv-lite/-/iconv-lite-0.4.11.tgz",
            "integrity": "sha1-LstC/SlHRJIiCaLnxATayHk9it4="
        },
        "inherits": {
            "version": "2.0.3",
            "resolved": "https://registry.npmjs.org/inherits/-/inherits-2.0.3.tgz",
            "integrity": "sha1-Yzwsg+PaQqUC9SRmAiSA9CCCYd4="
        },
        "ipaddr.js": {
            "version": "1.0.5",
            "resolved": "https://registry.npmjs.org/ipaddr.js/-/ipaddr.js-1.0.5.tgz",
            "integrity": "sha1-X6eM8wG4JceKvDBC2BJyMEnqI8c="
        },
        "is-buffer": {
            "version": "1.1.6",
            "resolved": "https://registry.npmjs.org/is-buffer/-/is-buffer-1.1.6.tgz",
            "integrity": "sha512-NcdALwpXkTm5Zvvbk7owOUSvVvBKDgKP5/ewfXEznmQFfs4ZRmanOeKBTjRVjka3QFoN6XJ+9F3USqfHqTaU5w=="
        },
        "is-promise": {
            "version": "2.1.0",
            "resolved": "https://registry.npmjs.org/is-promise/-/is-promise-2.1.0.tgz",
            "integrity": "sha1-eaKp7OfwlugPNtKy87wWwf9L8/o="
        },
        "is-typedarray": {
            "version": "1.0.0",
            "resolved": "https://registry.npmjs.org/is-typedarray/-/is-typedarray-1.0.0.tgz",
            "integrity": "sha1-5HnICFjfDBsR3dppQPlgEfzaSpo="
        },
        "isstream": {
            "version": "0.1.2",
            "resolved": "https://registry.npmjs.org/isstream/-/isstream-0.1.2.tgz",
            "integrity": "sha1-R+Y/evVa+m+S4VAOaQ64uFKcCZo="
        },
        "jade": {
            "version": "1.11.0",
            "resolved": "https://registry.npmjs.org/jade/-/jade-1.11.0.tgz",
            "integrity": "sha1-nIDlOMEtP7lcjZu5VZ+gzAQEBf0=",
            "requires": {
                "character-parser": "1.2.1",
                "clean-css": "3.4.28",
                "commander": "2.6.0",
                "constantinople": "3.0.2",
                "jstransformer": "0.0.2",
                "mkdirp": "0.5.1",
                "transformers": "2.1.0",
                "uglify-js": "2.8.29",
                "void-elements": "2.0.1",
                "with": "4.0.3"
            }
        },
        "jsbn": {
            "version": "0.1.1",
            "resolved": "https://registry.npmjs.org/jsbn/-/jsbn-0.1.1.tgz",
            "integrity": "sha1-peZUwuWi3rXyAdls77yoDA7y9RM=",
            "optional": true
        },
        "json-schema": {
            "version": "0.2.3",
            "resolved": "https://registry.npmjs.org/json-schema/-/json-schema-0.2.3.tgz",
            "integrity": "sha1-tIDIkuWaLwWVTOcnvT8qTogvnhM="
        },
        "json-schema-traverse": {
            "version": "0.3.1",
            "resolved": "https://registry.npmjs.org/json-schema-traverse/-/json-schema-traverse-0.3.1.tgz",
            "integrity": "sha1-NJptRMU6Ud6JtAgFxdXlm0F9M0A="
        },
        "json-stringify-safe": {
            "version": "5.0.1",
            "resolved": "https://registry.npmjs.org/json-stringify-safe/-/json-stringify-safe-5.0.1.tgz",
            "integrity": "sha1-Epai1Y/UXxmg9s4B1lcB4sc1tus="
        },
        "jsprim": {
            "version": "1.4.1",
            "resolved": "https://registry.npmjs.org/jsprim/-/jsprim-1.4.1.tgz",
            "integrity": "sha1-MT5mvB5cwG5Di8G3SZwuXFastqI=",
            "requires": {
                "assert-plus": "1.0.0",
                "extsprintf": "1.3.0",
                "json-schema": "0.2.3",
                "verror": "1.10.0"
            }
        },
        "jstransformer": {
            "version": "0.0.2",
            "resolved": "https://registry.npmjs.org/jstransformer/-/jstransformer-0.0.2.tgz",
            "integrity": "sha1-eq4pqQPRls+glz2IXT5HlH7Ndqs=",
            "requires": {
                "is-promise": "2.1.0",
                "promise": "6.1.0"
            }
        },
        "kind-of": {
            "version": "3.2.2",
            "resolved": "https://registry.npmjs.org/kind-of/-/kind-of-3.2.2.tgz",
            "integrity": "sha1-MeohpzS6ubuw8yRm2JOupR5KPGQ=",
            "requires": {
                "is-buffer": "1.1.6"
            }
        },
        "lazy-cache": {
            "version": "1.0.4",
            "resolved": "https://registry.npmjs.org/lazy-cache/-/lazy-cache-1.0.4.tgz",
            "integrity": "sha1-odePw6UEdMuAhF07O24dpJpEbo4="
        },
        "lodash": {
            "version": "4.17.5",
            "resolved": "https://registry.npmjs.org/lodash/-/lodash-4.17.5.tgz",
            "integrity": "sha512-svL3uiZf1RwhH+cWrfZn3A4+U58wbP0tGVTLQPbjplZxZ8ROD9VLuNgsRniTlLe7OlSqR79RUehXgpBW/s0IQw=="
        },
        "longest": {
            "version": "1.0.1",
            "resolved": "https://registry.npmjs.org/longest/-/longest-1.0.1.tgz",
            "integrity": "sha1-MKCy2jj3N3DoKUoNIuZiXtd9AJc="
        },
        "media-typer": {
            "version": "0.3.0",
            "resolved": "https://registry.npmjs.org/media-typer/-/media-typer-0.3.0.tgz",
            "integrity": "sha1-hxDXrwqmJvj/+hzgAWhUUmMlV0g="
        },
        "merge-descriptors": {
            "version": "1.0.1",
            "resolved": "https://registry.npmjs.org/merge-descriptors/-/merge-descriptors-1.0.1.tgz",
            "integrity": "sha1-sAqqVW3YtEVoFQ7J0blT8/kMu2E="
        },
        "methods": {
            "version": "1.1.2",
            "resolved": "https://registry.npmjs.org/methods/-/methods-1.1.2.tgz",
            "integrity": "sha1-VSmk1nZUE07cxSZmVoNbD4Ua/O4="
        },
        "mime": {
            "version": "1.3.4",
            "resolved": "https://registry.npmjs.org/mime/-/mime-1.3.4.tgz",
            "integrity": "sha1-EV+eO2s9rylZmDyzjxSaLUDrXVM="
        },
        "mime-db": {
            "version": "1.33.0",
            "resolved": "https://registry.npmjs.org/mime-db/-/mime-db-1.33.0.tgz",
            "integrity": "sha512-BHJ/EKruNIqJf/QahvxwQZXKygOQ256myeN/Ew+THcAa5q+PjyTTMMeNQC4DZw5AwfvelsUrA6B67NKMqXDbzQ=="
        },
        "mime-types": {
            "version": "2.1.18",
            "resolved": "https://registry.npmjs.org/mime-types/-/mime-types-2.1.18.tgz",
            "integrity": "sha512-lc/aahn+t4/SWV/qcmumYjymLsWfN3ELhpmVuUFjgsORruuZPVSwAQryq+HHGvO/SI2KVX26bx+En+zhM8g8hQ==",
            "requires": {
                "mime-db": "1.33.0"
            }
        },
        "minimist": {
            "version": "0.0.8",
            "resolved": "https://registry.npmjs.org/minimist/-/minimist-0.0.8.tgz",
            "integrity": "sha1-hX/Kv8M5fSYluCKCYuhqp6ARsF0="
        },
        "mkdirp": {
            "version": "0.5.1",
            "resolved": "https://registry.npmjs.org/mkdirp/-/mkdirp-0.5.1.tgz",
            "integrity": "sha1-MAV0OOrGz3+MR2fzhkjWaX11yQM=",
            "requires": {
                "minimist": "0.0.8"
            }
        },
        "morgan": {
            "version": "1.6.1",
            "resolved": "https://registry.npmjs.org/morgan/-/morgan-1.6.1.tgz",
            "integrity": "sha1-X9gYOYxoGcuiinzWZk8pL+HAu/I=",
            "requires": {
                "basic-auth": "1.0.4",
                "debug": "2.2.0",
                "depd": "1.0.1",
                "on-finished": "2.3.0",
                "on-headers": "1.0.1"
            }
        },
        "ms": {
            "version": "0.7.1",
            "resolved": "https://registry.npmjs.org/ms/-/ms-0.7.1.tgz",
            "integrity": "sha1-nNE8A62/8ltl7/3nzoZO6VIBcJg="
        },
        "negotiator": {
            "version": "0.5.3",
            "resolved": "https://registry.npmjs.org/negotiator/-/negotiator-0.5.3.tgz",
            "integrity": "sha1-Jp1cR2gQ7JLtvntsLygxY4T5p+g="
        },
        "oauth-sign": {
            "version": "0.8.2",
            "resolved": "https://registry.npmjs.org/oauth-sign/-/oauth-sign-0.8.2.tgz",
            "integrity": "sha1-Rqarfwrq2N6unsBWV4C31O/rnUM="
        },
        "on-finished": {
            "version": "2.3.0",
            "resolved": "https://registry.npmjs.org/on-finished/-/on-finished-2.3.0.tgz",
            "integrity": "sha1-IPEzZIGwg811M3mSoWlxqi2QaUc=",
            "requires": {
                "ee-first": "1.1.1"
            }
        },
        "on-headers": {
            "version": "1.0.1",
            "resolved": "https://registry.npmjs.org/on-headers/-/on-headers-1.0.1.tgz",
            "integrity": "sha1-ko9dD0cNSTQmUepnlLCFfBAGk/c="
        },
        "optimist": {
            "version": "0.3.7",
            "resolved": "https://registry.npmjs.org/optimist/-/optimist-0.3.7.tgz",
            "integrity": "sha1-yQlBrVnkJzMokjB00s8ufLxuwNk=",
            "requires": {
                "wordwrap": "0.0.3"
            }
        },
        "parseurl": {
            "version": "1.3.2",
            "resolved": "https://registry.npmjs.org/parseurl/-/parseurl-1.3.2.tgz",
            "integrity": "sha1-/CidTtiZMRlGDBViUyYs3I3mW/M="
        },
        "path-to-regexp": {
            "version": "0.1.7",
            "resolved": "https://registry.npmjs.org/path-to-regexp/-/path-to-regexp-0.1.7.tgz",
            "integrity": "sha1-32BBeABfUi8V60SQ5yR6G/qmf4w="
        },
        "performance-now": {
            "version": "2.1.0",
            "resolved": "https://registry.npmjs.org/performance-now/-/performance-now-2.1.0.tgz",
            "integrity": "sha1-Ywn04OX6kT7BxpMHrjZLSzd8nns="
        },
        "promise": {
            "version": "6.1.0",
            "resolved": "https://registry.npmjs.org/promise/-/promise-6.1.0.tgz",
            "integrity": "sha1-LOcp9rlLRcJoka0GAsXJDgTG7vY=",
            "requires": {
                "asap": "1.0.0"
            }
        },
        "proxy-addr": {
            "version": "1.0.10",
            "resolved": "https://registry.npmjs.org/proxy-addr/-/proxy-addr-1.0.10.tgz",
            "integrity": "sha1-DUCoL4Afw1VWfS7LZe/j8HfxIcU=",
            "requires": {
                "forwarded": "0.1.2",
                "ipaddr.js": "1.0.5"
            }
        },
        "punycode": {
            "version": "1.4.1",
            "resolved": "https://registry.npmjs.org/punycode/-/punycode-1.4.1.tgz",
            "integrity": "sha1-wNWmOycYgArY4esPpSachN1BhF4="
        },
        "qs": {
            "version": "4.0.0",
            "resolved": "https://registry.npmjs.org/qs/-/qs-4.0.0.tgz",
            "integrity": "sha1-wx2bdOwn33XlQ6hseHKO2NRiNgc="
        },
        "range-parser": {
            "version": "1.0.3",
            "resolved": "https://registry.npmjs.org/range-parser/-/range-parser-1.0.3.tgz",
            "integrity": "sha1-aHKCNTXGkuLCoBA4Jq/YLC4P8XU="
        },
        "raw-body": {
            "version": "2.1.7",
            "resolved": "https://registry.npmjs.org/raw-body/-/raw-body-2.1.7.tgz",
            "integrity": "sha1-rf6s4uT7MJgFgBTQjActzFl1h3Q=",
            "requires": {
                "bytes": "2.4.0",
                "iconv-lite": "0.4.13",
                "unpipe": "1.0.0"
            },
            "dependencies": {
                "bytes": {
                    "version": "2.4.0",
                    "resolved": "https://registry.npmjs.org/bytes/-/bytes-2.4.0.tgz",
                    "integrity": "sha1-fZcZb51br39pNeJZhVSe3SpsIzk="
                },
                "iconv-lite": {
                    "version": "0.4.13",
                    "resolved": "https://registry.npmjs.org/iconv-lite/-/iconv-lite-0.4.13.tgz",
                    "integrity": "sha1-H4irpKsLFQjoMSrMOTRfNumS4vI="
                }
            }
        },
        "repeat-string": {
            "version": "1.6.1",
            "resolved": "https://registry.npmjs.org/repeat-string/-/repeat-string-1.6.1.tgz",
            "integrity": "sha1-jcrkcOHIirwtYA//Sndihtp15jc="
        },
        "request": {
            "version": "2.85.0",
            "resolved": "https://registry.npmjs.org/request/-/request-2.85.0.tgz",
            "integrity": "sha512-8H7Ehijd4js+s6wuVPLjwORxD4zeuyjYugprdOXlPSqaApmL/QOy+EB/beICHVCHkGMKNh5rvihb5ov+IDw4mg==",
            "requires": {
                "aws-sign2": "0.7.0",
                "aws4": "1.6.0",
                "caseless": "0.12.0",
                "combined-stream": "1.0.6",
                "extend": "3.0.1",
                "forever-agent": "0.6.1",
                "form-data": "2.3.2",
                "har-validator": "5.0.3",
                "hawk": "6.0.2",
                "http-signature": "1.2.0",
                "is-typedarray": "1.0.0",
                "isstream": "0.1.2",
                "json-stringify-safe": "5.0.1",
                "mime-types": "2.1.18",
                "oauth-sign": "0.8.2",
                "performance-now": "2.1.0",
                "qs": "6.5.1",
                "safe-buffer": "5.1.1",
                "stringstream": "0.0.5",
                "tough-cookie": "2.3.4",
                "tunnel-agent": "0.6.0",
                "uuid": "3.2.1"
            },
            "dependencies": {
                "qs": {
                    "version": "6.5.1",
                    "resolved": "https://registry.npmjs.org/qs/-/qs-6.5.1.tgz",
                    "integrity": "sha512-eRzhrN1WSINYCDCbrz796z37LOe3m5tmW7RQf6oBntukAG1nmovJvhnwHHRMAfeoItc1m2Hk02WER2aQ/iqs+A=="
                }
            }
        },
        "request-promise": {
            "version": "4.2.2",
            "resolved": "https://registry.npmjs.org/request-promise/-/request-promise-4.2.2.tgz",
            "integrity": "sha1-0epG1lSm7k+O5qT+oQGMIpEZBLQ=",
            "requires": {
                "bluebird": "3.5.1",
                "request-promise-core": "1.1.1",
                "stealthy-require": "1.1.1",
                "tough-cookie": "2.3.4"
            }
        },
        "request-promise-core": {
            "version": "1.1.1",
            "resolved": "https://registry.npmjs.org/request-promise-core/-/request-promise-core-1.1.1.tgz",
            "integrity": "sha1-Pu4AssWqgyOc+wTFcA2jb4HNCLY=",
            "requires": {
                "lodash": "4.17.5"
            }
        },
        "requires-port": {
            "version": "1.0.0",
            "resolved": "http://registry.npm.taobao.org/requires-port/download/requires-port-1.0.0.tgz",
            "integrity": "sha1-kl0mAdOaxIXgkc8NpcbmlNw9yv8="
        },
        "right-align": {
            "version": "0.1.3",
            "resolved": "https://registry.npmjs.org/right-align/-/right-align-0.1.3.tgz",
            "integrity": "sha1-YTObci/mo1FWiSENJOFMlhSGE+8=",
            "requires": {
                "align-text": "0.1.4"
            }
        },
        "safe-buffer": {
            "version": "5.1.1",
            "resolved": "https://registry.npmjs.org/safe-buffer/-/safe-buffer-5.1.1.tgz",
            "integrity": "sha512-kKvNJn6Mm93gAczWVJg7wH+wGYWNrDHdWvpUmHyEsgCtIwwo3bqPtV4tR5tuPaUhTOo/kvhVwd8XwwOllGYkbg=="
        },
        "send": {
            "version": "0.13.1",
            "resolved": "https://registry.npmjs.org/send/-/send-0.13.1.tgz",
            "integrity": "sha1-ow1fTILIqbrprQCh2bG9vm8Zntc=",
            "requires": {
                "debug": "2.2.0",
                "depd": "1.1.2",
                "destroy": "1.0.4",
                "escape-html": "1.0.3",
                "etag": "1.7.0",
                "fresh": "0.3.0",
                "http-errors": "1.3.1",
                "mime": "1.3.4",
                "ms": "0.7.1",
                "on-finished": "2.3.0",
                "range-parser": "1.0.3",
                "statuses": "1.2.1"
            },
            "dependencies": {
                "depd": {
                    "version": "1.1.2",
                    "resolved": "https://registry.npmjs.org/depd/-/depd-1.1.2.tgz",
                    "integrity": "sha1-m81S4UwJd2PnSbJ0xDRu0uVgtak="
                },
                "statuses": {
                    "version": "1.2.1",
                    "resolved": "https://registry.npmjs.org/statuses/-/statuses-1.2.1.tgz",
                    "integrity": "sha1-3e1FzBglbVHtQK7BQkidXGECbSg="
                }
            }
        },
        "serve-favicon": {
            "version": "2.3.2",
            "resolved": "https://registry.npmjs.org/serve-favicon/-/serve-favicon-2.3.2.tgz",
            "integrity": "sha1-3UGeJo3gEqtysxnTN/IQUBP5OB8=",
            "requires": {
                "etag": "1.7.0",
                "fresh": "0.3.0",
                "ms": "0.7.2",
                "parseurl": "1.3.2"
            },
            "dependencies": {
                "ms": {
                    "version": "0.7.2",
                    "resolved": "https://registry.npmjs.org/ms/-/ms-0.7.2.tgz",
                    "integrity": "sha1-riXPJRKziFodldfwN4aNhDESR2U="
                }
            }
        },
        "serve-static": {
            "version": "1.10.3",
            "resolved": "https://registry.npmjs.org/serve-static/-/serve-static-1.10.3.tgz",
            "integrity": "sha1-zlpuzTEB/tXsCYJ9rCKpwpv7BTU=",
            "requires": {
                "escape-html": "1.0.3",
                "parseurl": "1.3.2",
                "send": "0.13.2"
            },
            "dependencies": {
                "depd": {
                    "version": "1.1.2",
                    "resolved": "https://registry.npmjs.org/depd/-/depd-1.1.2.tgz",
                    "integrity": "sha1-m81S4UwJd2PnSbJ0xDRu0uVgtak="
                },
                "send": {
                    "version": "0.13.2",
                    "resolved": "https://registry.npmjs.org/send/-/send-0.13.2.tgz",
                    "integrity": "sha1-dl52B8gFVFK7pvCwUllTUJhgNt4=",
                    "requires": {
                        "debug": "2.2.0",
                        "depd": "1.1.2",
                        "destroy": "1.0.4",
                        "escape-html": "1.0.3",
                        "etag": "1.7.0",
                        "fresh": "0.3.0",
                        "http-errors": "1.3.1",
                        "mime": "1.3.4",
                        "ms": "0.7.1",
                        "on-finished": "2.3.0",
                        "range-parser": "1.0.3",
                        "statuses": "1.2.1"
                    }
                },
                "statuses": {
                    "version": "1.2.1",
                    "resolved": "https://registry.npmjs.org/statuses/-/statuses-1.2.1.tgz",
                    "integrity": "sha1-3e1FzBglbVHtQK7BQkidXGECbSg="
                }
            }
        },
        "sntp": {
            "version": "2.1.0",
            "resolved": "https://registry.npmjs.org/sntp/-/sntp-2.1.0.tgz",
            "integrity": "sha512-FL1b58BDrqS3A11lJ0zEdnJ3UOKqVxawAkF3k7F0CVN7VQ34aZrV+G8BZ1WC9ZL7NyrwsW0oviwsWDgRuVYtJg==",
            "requires": {
                "hoek": "4.2.1"
            }
        },
        "source-map": {
            "version": "0.4.4",
            "resolved": "https://registry.npmjs.org/source-map/-/source-map-0.4.4.tgz",
            "integrity": "sha1-66T12pwNyZneaAMti092FzZSA2s=",
            "requires": {
                "amdefine": "1.0.1"
            }
        },
        "sshpk": {
            "version": "1.14.1",
            "resolved": "https://registry.npmjs.org/sshpk/-/sshpk-1.14.1.tgz",
            "integrity": "sha1-Ew9Zde3a2WPx1W+SuaxsUfqfg+s=",
            "requires": {
                "asn1": "0.2.3",
                "assert-plus": "1.0.0",
                "bcrypt-pbkdf": "1.0.1",
                "dashdash": "1.14.1",
                "ecc-jsbn": "0.1.1",
                "getpass": "0.1.7",
                "jsbn": "0.1.1",
                "tweetnacl": "0.14.5"
            }
        },
        "statuses": {
            "version": "1.4.0",
            "resolved": "https://registry.npmjs.org/statuses/-/statuses-1.4.0.tgz",
            "integrity": "sha512-zhSCtt8v2NDrRlPQpCNtw/heZLtfUDqxBM1udqikb/Hbk52LK4nQSwr10u77iopCW5LsyHpuXS0GnEc48mLeew=="
        },
        "stealthy-require": {
            "version": "1.1.1",
            "resolved": "https://registry.npmjs.org/stealthy-require/-/stealthy-require-1.1.1.tgz",
            "integrity": "sha1-NbCYdbT/SfJqd35QmzCQoyJr8ks="
        },
        "stringstream": {
            "version": "0.0.5",
            "resolved": "https://registry.npmjs.org/stringstream/-/stringstream-0.0.5.tgz",
            "integrity": "sha1-TkhM1N5aC7vuGORjB3EKioFiGHg="
        },
        "tough-cookie": {
            "version": "2.3.4",
            "resolved": "https://registry.npmjs.org/tough-cookie/-/tough-cookie-2.3.4.tgz",
            "integrity": "sha512-TZ6TTfI5NtZnuyy/Kecv+CnoROnyXn2DN97LontgQpCwsX2XyLYCC0ENhYkehSOwAp8rTQKc/NUIF7BkQ5rKLA==",
            "requires": {
                "punycode": "1.4.1"
            }
        },
        "transformers": {
            "version": "2.1.0",
            "resolved": "https://registry.npmjs.org/transformers/-/transformers-2.1.0.tgz",
            "integrity": "sha1-XSPLNVYd2F3Gf7hIIwm0fVPM6ac=",
            "requires": {
                "css": "1.0.8",
                "promise": "2.0.0",
                "uglify-js": "2.2.5"
            },
            "dependencies": {
                "is-promise": {
                    "version": "1.0.1",
                    "resolved": "https://registry.npmjs.org/is-promise/-/is-promise-1.0.1.tgz",
                    "integrity": "sha1-MVc3YcBX4zwukaq56W2gjO++duU="
                },
                "promise": {
                    "version": "2.0.0",
                    "resolved": "https://registry.npmjs.org/promise/-/promise-2.0.0.tgz",
                    "integrity": "sha1-RmSKqdYFr10ucMMCS/WUNtoCuA4=",
                    "requires": {
                        "is-promise": "1.0.1"
                    }
                },
                "source-map": {
                    "version": "0.1.43",
                    "resolved": "https://registry.npmjs.org/source-map/-/source-map-0.1.43.tgz",
                    "integrity": "sha1-wkvBRspRfBRx9drL4lcbK3+eM0Y=",
                    "requires": {
                        "amdefine": "1.0.1"
                    }
                },
                "uglify-js": {
                    "version": "2.2.5",
                    "resolved": "https://registry.npmjs.org/uglify-js/-/uglify-js-2.2.5.tgz",
                    "integrity": "sha1-puAqcNg5eSuXgEiLe4sYTAlcmcc=",
                    "requires": {
                        "optimist": "0.3.7",
                        "source-map": "0.1.43"
                    }
                }
            }
        },
        "tunnel-agent": {
            "version": "0.6.0",
            "resolved": "https://registry.npmjs.org/tunnel-agent/-/tunnel-agent-0.6.0.tgz",
            "integrity": "sha1-J6XeoGs2sEoKmWZ3SykIaPD8QP0=",
            "requires": {
                "safe-buffer": "5.1.1"
            }
        },
        "tweetnacl": {
            "version": "0.14.5",
            "resolved": "https://registry.npmjs.org/tweetnacl/-/tweetnacl-0.14.5.tgz",
            "integrity": "sha1-WuaBd/GS1EViadEIr6k/+HQ/T2Q=",
            "optional": true
        },
        "type-is": {
            "version": "1.6.16",
            "resolved": "https://registry.npmjs.org/type-is/-/type-is-1.6.16.tgz",
            "integrity": "sha512-HRkVv/5qY2G6I8iab9cI7v1bOIdhm94dVjQCPFElW9W+3GeDOSHmy2EBYe4VTApuzolPcmgFTN3ftVJRKR2J9Q==",
            "requires": {
                "media-typer": "0.3.0",
                "mime-types": "2.1.18"
            }
        },
        "uglify-js": {
            "version": "2.8.29",
            "resolved": "https://registry.npmjs.org/uglify-js/-/uglify-js-2.8.29.tgz",
            "integrity": "sha1-KcVzMUgFe7Th913zW3qcty5qWd0=",
            "requires": {
                "source-map": "0.5.7",
                "uglify-to-browserify": "1.0.2",
                "yargs": "3.10.0"
            },
            "dependencies": {
                "source-map": {
                    "version": "0.5.7",
                    "resolved": "https://registry.npmjs.org/source-map/-/source-map-0.5.7.tgz",
                    "integrity": "sha1-igOdLRAh0i0eoUyA2OpGi6LvP8w="
                }
            }
        },
        "uglify-to-browserify": {
            "version": "1.0.2",
            "resolved": "https://registry.npmjs.org/uglify-to-browserify/-/uglify-to-browserify-1.0.2.tgz",
            "integrity": "sha1-bgkk1r2mta/jSeOabWMoUKD4grc=",
            "optional": true
        },
        "unpipe": {
            "version": "1.0.0",
            "resolved": "https://registry.npmjs.org/unpipe/-/unpipe-1.0.0.tgz",
            "integrity": "sha1-sr9O6FFKrmFltIF4KdIbLvSZBOw="
        },
        "utils-merge": {
            "version": "1.0.0",
            "resolved": "https://registry.npmjs.org/utils-merge/-/utils-merge-1.0.0.tgz",
            "integrity": "sha1-ApT7kiu5N1FTVBxPcJYjHyh8ivg="
        },
        "uuid": {
            "version": "3.2.1",
            "resolved": "https://registry.npmjs.org/uuid/-/uuid-3.2.1.tgz",
            "integrity": "sha512-jZnMwlb9Iku/O3smGWvZhauCf6cvvpKi4BKRiliS3cxnI+Gz9j5MEpTz2UFuXiKPJocb7gnsLHwiS05ige5BEA=="
        },
        "vary": {
            "version": "1.0.1",
            "resolved": "https://registry.npmjs.org/vary/-/vary-1.0.1.tgz",
            "integrity": "sha1-meSYFWaihhGN+yuBc1ffeZM3bRA="
        },
        "verror": {
            "version": "1.10.0",
            "resolved": "https://registry.npmjs.org/verror/-/verror-1.10.0.tgz",
            "integrity": "sha1-OhBcoXBTr1XW4nDB+CiGguGNpAA=",
            "requires": {
                "assert-plus": "1.0.0",
                "core-util-is": "1.0.2",
                "extsprintf": "1.3.0"
            }
        },
        "void-elements": {
            "version": "2.0.1",
            "resolved": "https://registry.npmjs.org/void-elements/-/void-elements-2.0.1.tgz",
            "integrity": "sha1-wGavtYK7HLQSjWDqkjkulNXp2+w="
        },
        "window-size": {
            "version": "0.1.0",
            "resolved": "https://registry.npmjs.org/window-size/-/window-size-0.1.0.tgz",
            "integrity": "sha1-VDjNLqk7IC76Ohn+iIeu58lPnJ0="
        },
        "with": {
            "version": "4.0.3",
            "resolved": "https://registry.npmjs.org/with/-/with-4.0.3.tgz",
            "integrity": "sha1-7v0VTp550sjTQXtkeo8U2f7M4U4=",
            "requires": {
                "acorn": "1.2.2",
                "acorn-globals": "1.0.9"
            },
            "dependencies": {
                "acorn": {
                    "version": "1.2.2",
                    "resolved": "https://registry.npmjs.org/acorn/-/acorn-1.2.2.tgz",
                    "integrity": "sha1-yM4n3grMdtiW0rH6099YjZ6C8BQ="
                }
            }
        },
        "wordwrap": {
            "version": "0.0.3",
            "resolved": "https://registry.npmjs.org/wordwrap/-/wordwrap-0.0.3.tgz",
            "integrity": "sha1-o9XabNXAvAAI03I0u68b7WMFkQc="
        },
        "yargs": {
            "version": "3.10.0",
            "resolved": "https://registry.npmjs.org/yargs/-/yargs-3.10.0.tgz",
            "integrity": "sha1-9+572FfdfB0tOMDnTvvWgdFDH9E=",
            "requires": {
                "camelcase": "1.2.1",
                "cliui": "2.1.0",
                "decamelize": "1.2.0",
                "window-size": "0.1.0"
            }
        }
    }
}
